// !$*UTF8*$!
{
	archiveVersion = 1;
	classes = {
	};
	objectVersion = 46;
	objects = {

/* Begin PBXBuildFile section */
		5925F61D1B7A988C004938EE /* TodoList.swift in Sources */ = {isa = PBXBuildFile; fileRef = 5925F61C1B7A988C004938EE /* TodoList.swift */; };
		597342801B72BDF30058E546 /* AppDelegate.swift in Sources */ = {isa = PBXBuildFile; fileRef = 5973427F1B72BDF30058E546 /* AppDelegate.swift */; };
		597342821B72BDF30058E546 /* ViewController.swift in Sources */ = {isa = PBXBuildFile; fileRef = 597342811B72BDF30058E546 /* ViewController.swift */; };
		597342851B72BDF30058E546 /* Main.storyboard in Resources */ = {isa = PBXBuildFile; fileRef = 597342831B72BDF30058E546 /* Main.storyboard */; };
		597342871B72BDF30058E546 /* Assets.xcassets in Resources */ = {isa = PBXBuildFile; fileRef = 597342861B72BDF30058E546 /* Assets.xcassets */; };
		5973428A1B72BDF30058E546 /* LaunchScreen.storyboard in Resources */ = {isa = PBXBuildFile; fileRef = 597342881B72BDF30058E546 /* LaunchScreen.storyboard */; };
		597342951B72BDF30058E546 /* MyTodoListTests.swift in Sources */ = {isa = PBXBuildFile; fileRef = 597342941B72BDF30058E546 /* MyTodoListTests.swift */; };
		597342A01B72BDF30058E546 /* MyTodoListUITests.swift in Sources */ = {isa = PBXBuildFile; fileRef = 5973429F1B72BDF30058E546 /* MyTodoListUITests.swift */; };
/* End PBXBuildFile section */

/* Begin PBXContainerItemProxy section */
		597342911B72BDF30058E546 /* PBXContainerItemProxy */ = {
			isa = PBXContainerItemProxy;
			containerPortal = 597342741B72BDF30058E546 /* Project object */;
			proxyType = 1;
			remoteGlobalIDString = 5973427B1B72BDF30058E546;
			remoteInfo = MyTodoList;
		};
		5973429C1B72BDF30058E546 /* PBXContainerItemProxy */ = {
			isa = PBXContainerItemProxy;
			containerPortal = 597342741B72BDF30058E546 /* Project object */;
			proxyType = 1;
			remoteGlobalIDString = 5973427B1B72BDF30058E546;
			remoteInfo = MyTodoList;
		};
/* End PBXContainerItemProxy section */

/* Begin PBXFileReference section */
		5925F61C1B7A988C004938EE /* TodoList.swift */ = {isa = PBXFileReference; fileEncoding = 4; lastKnownFileType = sourcecode.swift; path = TodoList.swift; sourceTree = "<group>"; };
		5973427C1B72BDF30058E546 /* MyTodoList.app */ = {isa = PBXFileReference; explicitFileType = wrapper.application; includeInIndex = 0; path = MyTodoList.app; sourceTree = BUILT_PRODUCTS_DIR; };
		5973427F1B72BDF30058E546 /* AppDelegate.swift */ = {isa = PBXFileReference; lastKnownFileType = sourcecode.swift; path = AppDelegate.swift; sourceTree = "<group>"; };
		597342811B72BDF30058E546 /* ViewController.swift */ = {isa = PBXFileReference; lastKnownFileType = sourcecode.swift; path = ViewController.swift; sourceTree = "<group>"; };
		597342841B72BDF30058E546 /* Base */ = {isa = PBXFileReference; lastKnownFileType = file.storyboard; name = Base; path = Base.lproj/Main.storyboard; sourceTree = "<group>"; };
		597342861B72BDF30058E546 /* Assets.xcassets */ = {isa = PBXFileReference; lastKnownFileType = folder.assetcatalog; path = Assets.xcassets; sourceTree = "<group>"; };
		597342891B72BDF30058E546 /* Base */ = {isa = PBXFileReference; lastKnownFileType = file.storyboard; name = Base; path = Base.lproj/LaunchScreen.storyboard; sourceTree = "<group>"; };
		5973428B1B72BDF30058E546 /* Info.plist */ = {isa = PBXFileReference; lastKnownFileType = text.plist.xml; path = Info.plist; sourceTree = "<group>"; };
		597342901B72BDF30058E546 /* MyTodoListTests.xctest */ = {isa = PBXFileReference; explicitFileType = wrapper.cfbundle; includeInIndex = 0; path = MyTodoListTests.xctest; sourceTree = BUILT_PRODUCTS_DIR; };
		597342941B72BDF30058E546 /* MyTodoListTests.swift */ = {isa = PBXFileReference; lastKnownFileType = sourcecode.swift; path = MyTodoListTests.swift; sourceTree = "<group>"; };
		597342961B72BDF30058E546 /* Info.plist */ = {isa = PBXFileReference; lastKnownFileType = text.plist.xml; path = Info.plist; sourceTree = "<group>"; };
		5973429B1B72BDF30058E546 /* MyTodoListUITests.xctest */ = {isa = PBXFileReference; explicitFileType = wrapper.cfbundle; includeInIndex = 0; path = MyTodoListUITests.xctest; sourceTree = BUILT_PRODUCTS_DIR; };
		5973429F1B72BDF30058E546 /* MyTodoListUITests.swift */ = {isa = PBXFileReference; lastKnownFileType = sourcecode.swift; path = MyTodoListUITests.swift; sourceTree = "<group>"; };
		597342A11B72BDF30058E546 /* Info.plist */ = {isa = PBXFileReference; lastKnownFileType = text.plist.xml; path = Info.plist; sourceTree = "<group>"; };
/* End PBXFileReference section */

/* Begin PBXFrameworksBuildPhase section */
		597342791B72BDF30058E546 /* Frameworks */ = {
			isa = PBXFrameworksBuildPhase;
			buildActionMask = 2147483647;
			files = (
			);
			runOnlyForDeploymentPostprocessing = 0;
		};
		5973428D1B72BDF30058E546 /* Frameworks */ = {
			isa = PBXFrameworksBuildPhase;
			buildActionMask = 2147483647;
			files = (
			);
			runOnlyForDeploymentPostprocessing = 0;
		};
		597342981B72BDF30058E546 /* Frameworks */ = {
			isa = PBXFrameworksBuildPhase;
			buildActionMask = 2147483647;
			files = (
			);
			runOnlyForDeploymentPostprocessing = 0;
		};
/* End PBXFrameworksBuildPhase section */

/* Begin PBXGroup section */
		597342731B72BDF30058E546 = {
			isa = PBXGroup;
			children = (
				5973427E1B72BDF30058E546 /* MyTodoList */,
				597342931B72BDF30058E546 /* MyTodoListTests */,
				5973429E1B72BDF30058E546 /* MyTodoListUITests */,
				5973427D1B72BDF30058E546 /* Products */,
			);
			sourceTree = "<group>";
		};
		5973427D1B72BDF30058E546 /* Products */ = {
			isa = PBXGroup;
			children = (
				5973427C1B72BDF30058E546 /* MyTodoList.app */,
				597342901B72BDF30058E546 /* MyTodoListTests.xctest */,
				5973429B1B72BDF30058E546 /* MyTodoListUITests.xctest */,
			);
			name = Products;
			sourceTree = "<group>";
		};
		5973427E1B72BDF30058E546 /* MyTodoList */ = {
			isa = PBXGroup;
			children = (
				5973427F1B72BDF30058E546 /* AppDelegate.swift */,
				597342811B72BDF30058E546 /* ViewController.swift */,
				597342831B72BDF30058E546 /* Main.storyboard */,
				5925F61C1B7A988C004938EE /* TodoList.swift */,
				597342861B72BDF30058E546 /* Assets.xcassets */,
				597342881B72BDF30058E546 /* LaunchScreen.storyboard */,
				5973428B1B72BDF30058E546 /* Info.plist */,
			);
			path = MyTodoList;
			sourceTree = "<group>";
		};
		597342931B72BDF30058E546 /* MyTodoListTests */ = {
			isa = PBXGroup;
			children = (
				597342941B72BDF30058E546 /* MyTodoListTests.swift */,
				597342961B72BDF30058E546 /* Info.plist */,
			);
			path = MyTodoListTests;
			sourceTree = "<group>";
		};
		5973429E1B72BDF30058E546 /* MyTodoListUITests */ = {
			isa = PBXGroup;
			children = (
				5973429F1B72BDF30058E546 /* MyTodoListUITests.swift */,
				597342A11B72BDF30058E546 /* Info.plist */,
			);
			path = MyTodoListUITests;
			sourceTree = "<group>";
		};
/* End PBXGroup section */

/* Begin PBXNativeTarget section */
		5973427B1B72BDF30058E546 /* MyTodoList */ = {
			isa = PBXNativeTarget;
			buildConfigurationList = 597342A41B72BDF30058E546 /* Build configuration list for PBXNativeTarget "MyTodoList" */;
			buildPhases = (
				597342781B72BDF30058E546 /* Sources */,
				597342791B72BDF30058E546 /* Frameworks */,
				5973427A1B72BDF30058E546 /* Resources */,
			);
			buildRules = (
			);
			dependencies = (
			);
			name = MyTodoList;
			productName = MyTodoList;
			productReference = 5973427C1B72BDF30058E546 /* MyTodoList.app */;
			productType = "com.apple.product-type.application";
		};
		5973428F1B72BDF30058E546 /* MyTodoListTests */ = {
			isa = PBXNativeTarget;
			buildConfigurationList = 597342A71B72BDF30058E546 /* Build configuration list for PBXNativeTarget "MyTodoListTests" */;
			buildPhases = (
				5973428C1B72BDF30058E546 /* Sources */,
				5973428D1B72BDF30058E546 /* Frameworks */,
				5973428E1B72BDF30058E546 /* Resources */,
			);
			buildRules = (
			);
			dependencies = (
				597342921B72BDF30058E546 /* PBXTargetDependency */,
			);
			name = MyTodoListTests;
			productName = MyTodoListTests;
			productReference = 597342901B72BDF30058E546 /* MyTodoListTests.xctest */;
			productType = "com.apple.product-type.bundle.unit-test";
		};
		5973429A1B72BDF30058E546 /* MyTodoListUITests */ = {
			isa = PBXNativeTarget;
			buildConfigurationList = 597342AA1B72BDF30058E546 /* Build configuration list for PBXNativeTarget "MyTodoListUITests" */;
			buildPhases = (
				597342971B72BDF30058E546 /* Sources */,
				597342981B72BDF30058E546 /* Frameworks */,
				597342991B72BDF30058E546 /* Resources */,
			);
			buildRules = (
			);
			dependencies = (
				5973429D1B72BDF30058E546 /* PBXTargetDependency */,
			);
			name = MyTodoListUITests;
			productName = MyTodoListUITests;
			productReference = 5973429B1B72BDF30058E546 /* MyTodoListUITests.xctest */;
			productType = "com.apple.product-type.bundle.ui-testing";
		};
/* End PBXNativeTarget section */

/* Begin PBXProject section */
		597342741B72BDF30058E546 /* Project object */ = {
			isa = PBXProject;
			attributes = {
				LastUpgradeCheck = 0700;
				ORGANIZATIONNAME = Platzi;
				TargetAttributes = {
					5973427B1B72BDF30058E546 = {
						CreatedOnToolsVersion = 7.0;
						DevelopmentTeam = JAW3E96572;
					};
					5973428F1B72BDF30058E546 = {
						CreatedOnToolsVersion = 7.0;
						TestTargetID = 5973427B1B72BDF30058E546;
					};
					5973429A1B72BDF30058E546 = {
						CreatedOnToolsVersion = 7.0;
						TestTargetID = 5973427B1B72BDF30058E546;
					};
				};
			};
			buildConfigurationList = 597342771B72BDF30058E546 /* Build configuration list for PBXProject "MyTodoList" */;
			compatibilityVersion = "Xcode 3.2";
			developmentRegion = English;
			hasScannedForEncodings = 0;
			knownRegions = (
				en,
				Base,
			);
			mainGroup = 597342731B72BDF30058E546;
			productRefGroup = 5973427D1B72BDF30058E546 /* Products */;
			projectDirPath = "";
			projectRoot = "";
			targets = (
				5973427B1B72BDF30058E546 /* MyTodoList */,
				5973428F1B72BDF30058E546 /* MyTodoListTests */,
				5973429A1B72BDF30058E546 /* MyTodoListUITests */,
			);
		};
/* End PBXProject section */

/* Begin PBXResourcesBuildPhase section */
		5973427A1B72BDF30058E546 /* Resources */ = {
			isa = PBXResourcesBuildPhase;
			buildActionMask = 2147483647;
			files = (
				5973428A1B72BDF30058E546 /* LaunchScreen.storyboard in Resources */,
				597342871B72BDF30058E546 /* Assets.xcassets in Resources */,
				597342851B72BDF30058E546 /* Main.storyboard in Resources */,
			);
			runOnlyForDeploymentPostprocessing = 0;
		};
		5973428E1B72BDF30058E546 /* Resources */ = {
			isa = PBXResourcesBuildPhase;
			buildActionMask = 2147483647;
			files = (
			);
			runOnlyForDeploymentPostprocessing = 0;
		};
		597342991B72BDF30058E546 /* Resources */ = {
			isa = PBXResourcesBuildPhase;
			buildActionMask = 2147483647;
			files = (
			);
			runOnlyForDeploymentPostprocessing = 0;
		};
/* End PBXResourcesBuildPhase section */

/* Begin PBXSourcesBuildPhase section */
		597342781B72BDF30058E546 /* Sources */ = {
			isa = PBXSourcesBuildPhase;
			buildActionMask = 2147483647;
			files = (
				5925F61D1B7A988C004938EE /* TodoList.swift in Sources */,
				597342821B72BDF30058E546 /* ViewController.swift in Sources */,
				597342801B72BDF30058E546 /* AppDelegate.swift in Sources */,
			);
			runOnlyForDeploymentPostprocessing = 0;
		};
		5973428C1B72BDF30058E546 /* Sources */ = {
			isa = PBXSourcesBuildPhase;
			buildActionMask = 2147483647;
			files = (
				597342951B72BDF30058E546 /* MyTodoListTests.swift in Sources */,
			);
			runOnlyForDeploymentPostprocessing = 0;
		};
		597342971B72BDF30058E546 /* Sources */ = {
			isa = PBXSourcesBuildPhase;
			buildActionMask = 2147483647;
			files = (
				597342A01B72BDF30058E546 /* MyTodoListUITests.swift in Sources */,
			);
			runOnlyForDeploymentPostprocessing = 0;
		};
/* End PBXSourcesBuildPhase section */

/* Begin PBXTargetDependency section */
		597342921B72BDF30058E546 /* PBXTargetDependency */ = {
			isa = PBXTargetDependency;
			target = 5973427B1B72BDF30058E546 /* MyTodoList */;
			targetProxy = 597342911B72BDF30058E546 /* PBXContainerItemProxy */;
		};
		5973429D1B72BDF30058E546 /* PBXTargetDependency */ = {
			isa = PBXTargetDependency;
			target = 5973427B1B72BDF30058E546 /* MyTodoList */;
			targetProxy = 5973429C1B72BDF30058E546 /* PBXContainerItemProxy */;
		};
/* End PBXTargetDependency section */

/* Begin PBXVariantGroup section */
		597342831B72BDF30058E546 /* Main.storyboard */ = {
			isa = PBXVariantGroup;
			children = (
				597342841B72BDF30058E546 /* Base */,
			);
			name = Main.storyboard;
			sourceTree = "<group>";
		};
		597342881B72BDF30058E546 /* LaunchScreen.storyboard */ = {
			isa = PBXVariantGroup;
			children = (
				597342891B72BDF30058E546 /* Base */,
			);
			name = LaunchScreen.storyboard;
			sourceTree = "<group>";
		};
/* End PBXVariantGroup section */

/* Begin XCBuildConfiguration section */
		597342A21B72BDF30058E546 /* Debug */ = {
			isa = XCBuildConfiguration;
			buildSettings = {
				ALWAYS_SEARCH_USER_PATHS = NO;
				CLANG_CXX_LANGUAGE_STANDARD = "gnu++0x";
				CLANG_CXX_LIBRARY = "libc++";
				CLANG_ENABLE_MODULES = YES;
				CLANG_ENABLE_OBJC_ARC = YES;
				CLANG_WARN_BOOL_CONVERSION = YES;
				CLANG_WARN_CONSTANT_CONVERSION = YES;
				CLANG_WARN_DIRECT_OBJC_ISA_USAGE = YES_ERROR;
				CLANG_WARN_EMPTY_BODY = YES;
				CLANG_WARN_ENUM_CONVERSION = YES;
				CLANG_WARN_INT_CONVERSION = YES;
				CLANG_WARN_OBJC_ROOT_CLASS = YES_ERROR;
				CLANG_WARN_UNREACHABLE_CODE = YES;
				CLANG_WARN__DUPLICATE_METHOD_MATCH = YES;
				"CODE_SIGN_IDENTITY[sdk=iphoneos*]" = "iPhone Developer";
				COPY_PHASE_STRIP = NO;
				DEBUG_INFORMATION_FORMAT = dwarf;
				ENABLE_STRICT_OBJC_MSGSEND = YES;
				ENABLE_TESTABILITY = YES;
				GCC_C_LANGUAGE_STANDARD = gnu99;
				GCC_DYNAMIC_NO_PIC = NO;
				GCC_NO_COMMON_BLOCKS = YES;
				GCC_OPTIMIZATION_LEVEL = 0;
				GCC_PREPROCESSOR_DEFINITIONS = (
					"DEBUG=1",
					"$(inherited)",
				);
				GCC_WARN_64_TO_32_BIT_CONVERSION = YES;
				GCC_WARN_ABOUT_RETURN_TYPE = YES_ERROR;
				GCC_WARN_UNDECLARED_SELECTOR = YES;
				GCC_WARN_UNINITIALIZED_AUTOS = YES_AGGRESSIVE;
				GCC_WARN_UNUSED_FUNCTION = YES;
				GCC_WARN_UNUSED_VARIABLE = YES;
				IPHONEOS_DEPLOYMENT_TARGET = 9.0;
				MTL_ENABLE_DEBUG_INFO = YES;
				ONLY_ACTIVE_ARCH = YES;
				SDKROOT = iphoneos;
				SWIFT_OPTIMIZATION_LEVEL = "-Onone";
			};
			name = Debug;
		};
		597342A31B72BDF30058E546 /* Release */ = {
			isa = XCBuildConfiguration;
			buildSettings = {
				ALWAYS_SEARCH_USER_PATHS = NO;
				CLANG_CXX_LANGUAGE_STANDARD = "gnu++0x";
				CLANG_CXX_LIBRARY = "libc++";
				CLANG_ENABLE_MODULES = YES;
				CLANG_ENABLE_OBJC_ARC = YES;
				CLANG_WARN_BOOL_CONVERSION = YES;
				CLANG_WARN_CONSTANT_CONVERSION = YES;
				CLANG_WARN_DIRECT_OBJC_ISA_USAGE = YES_ERROR;
				CLANG_WARN_EMPTY_BODY = YES;
				CLANG_WARN_ENUM_CONVERSION = YES;
				CLANG_WARN_INT_CONVERSION = YES;
				CLANG_WARN_OBJC_ROOT_CLASS = YES_ERROR;
				CLANG_WARN_UNREACHABLE_CODE = YES;
				CLANG_WARN__DUPLICATE_METHOD_MATCH = YES;
				"CODE_SIGN_IDENTITY[sdk=iphoneos*]" = "iPhone Developer";
				COPY_PHASE_STRIP = NO;
				DEBUG_INFORMATION_FORMAT = "dwarf-with-dsym";
				ENABLE_NS_ASSERTIONS = NO;
				ENABLE_STRICT_OBJC_MSGSEND = YES;
				GCC_C_LANGUAGE_STANDARD = gnu99;
				GCC_NO_COMMON_BLOCKS = YES;
				GCC_WARN_64_TO_32_BIT_CONVERSION = YES;
				GCC_WARN_ABOUT_RETURN_TYPE = YES_ERROR;
				GCC_WARN_UNDECLARED_SELECTOR = YES;
				GCC_WARN_UNINITIALIZED_AUTOS = YES_AGGRESSIVE;
				GCC_WARN_UNUSED_FUNCTION = YES;
				GCC_WARN_UNUSED_VARIABLE = YES;
				IPHONEOS_DEPLOYMENT_TARGET = 9.0;
				MTL_ENABLE_DEBUG_INFO = NO;
				SDKROOT = iphoneos;
				VALIDATE_PRODUCT = YES;
			};
			name = Release;
		};
		597342A51B72BDF30058E546 /* Debug */ = {
			isa = XCBuildConfiguration;
			buildSettings = {
				ASSETCATALOG_COMPILER_APPICON_NAME = AppIcon;
				CODE_SIGN_IDENTITY = "iPhone Developer";
				"CODE_SIGN_IDENTITY[sdk=iphoneos*]" = "iPhone Developer";
				INFOPLIST_FILE = MyTodoList/Info.plist;
				LD_RUNPATH_SEARCH_PATHS = "$(inherited) @executable_path/Frameworks";
				PRODUCT_BUNDLE_IDENTIFIER = "com.sergioacosta.-.MyTodoList";
				PRODUCT_NAME = "$(TARGET_NAME)";
				PROVISIONING_PROFILE = "";
			};
			name = Debug;
		};
		597342A61B72BDF30058E546 /* Release */ = {
			isa = XCBuildConfiguration;
			buildSettings = {
				ASSETCATALOG_COMPILER_APPICON_NAME = AppIcon;
				CODE_SIGN_IDENTITY = "iPhone Developer";
				"CODE_SIGN_IDENTITY[sdk=iphoneos*]" = "iPhone Developer";
				INFOPLIST_FILE = MyTodoList/Info.plist;
				LD_RUNPATH_SEARCH_PATHS = "$(inherited) @executable_path/Frameworks";
				PRODUCT_BUNDLE_IDENTIFIER = "com.sergioacosta.-.MyTodoList";
				PRODUCT_NAME = "$(TARGET_NAME)";
				PROVISIONING_PROFILE = "";
			};
			name = Release;
		};
		597342A81B72BDF30058E546 /* Debug */ = {
			isa = XCBuildConfiguration;
			buildSettings = {
				BUNDLE_LOADER = "$(TEST_HOST)";
				INFOPLIST_FILE = MyTodoListTests/Info.plist;
				LD_RUNPATH_SEARCH_PATHS = "$(inherited) @executable_path/Frameworks @loader_path/Frameworks";
				PRODUCT_BUNDLE_IDENTIFIER = "com.sergioacosta.-.MyTodoListTests";
				PRODUCT_NAME = "$(TARGET_NAME)";
				TEST_HOST = "$(BUILT_PRODUCTS_DIR)/MyTodoList.app/MyTodoList";
			};
			name = Debug;
		};
		597342A91B72BDF30058E546 /* Release */ = {
			isa = XCBuildConfiguration;
			buildSettings = {
				BUNDLE_LOADER = "$(TEST_HOST)";
				INFOPLIST_FILE = MyTodoListTests/Info.plist;
				LD_RUNPATH_SEARCH_PATHS = "$(inherited) @executable_path/Frameworks @loader_path/Frameworks";
				PRODUCT_BUNDLE_IDENTIFIER = "com.sergioacosta.-.MyTodoListTests";
				PRODUCT_NAME = "$(TARGET_NAME)";
				TEST_HOST = "$(BUILT_PRODUCTS_DIR)/MyTodoList.app/MyTodoList";
			};
			name = Release;
		};
		597342AB1B72BDF30058E546 /* Debug */ = {
			isa = XCBuildConfiguration;
			buildSettings = {
				INFOPLIST_FILE = MyTodoListUITests/Info.plist;
				LD_RUNPATH_SEARCH_PATHS = "$(inherited) @executable_path/Frameworks @loader_path/Frameworks";
				PRODUCT_BUNDLE_IDENTIFIER = "com.sergioacosta.-.MyTodoListUITests";
				PRODUCT_NAME = "$(TARGET_NAME)";
				TEST_TARGET_NAME = MyTodoList;
				USES_XCTRUNNER = YES;
			};
			name = Debug;
		};
		597342AC1B72BDF30058E546 /* Release */ = {
			isa = XCBuildConfiguration;
			buildSettings = {
				INFOPLIST_FILE = MyTodoListUITests/Info.plist;
				LD_RUNPATH_SEARCH_PATHS = "$(inherited) @executable_path/Frameworks @loader_path/Frameworks";
				PRODUCT_BUNDLE_IDENTIFIER = "com.sergioacosta.-.MyTodoListUITests";
				PRODUCT_NAME = "$(TARGET_NAME)";
				TEST_TARGET_NAME = MyTodoList;
				USES_XCTRUNNER = YES;
			};
			name = Release;
		};
/* End XCBuildConfiguration section */

/* Begin XCConfigurationList section */
		597342771B72BDF30058E546 /* Build configuration list for PBXProject "MyTodoList" */ = {
			isa = XCConfigurationList;
			buildConfigurations = (
				597342A21B72BDF30058E546 /* Debug */,
				597342A31B72BDF30058E546 /* Release */,
			);
			defaultConfigurationIsVisible = 0;
			defaultConfigurationName = Release;
		};
		597342A41B72BDF30058E546 /* Build configuration list for PBXNativeTarget "MyTodoList" */ = {
			isa = XCConfigurationList;
			buildConfigurations = (
				597342A51B72BDF30058E546 /* Debug */,
				597342A61B72BDF30058E546 /* Release */,
			);
			defaultConfigurationIsVisible = 0;
			defaultConfigurationName = Release;
		};
		597342A71B72BDF30058E546 /* Build configuration list for PBXNativeTarget "MyTodoListTests" */ = {
			isa = XCConfigurationList;
			buildConfigurations = (
				597342A81B72BDF30058E546 /* Debug */,
				597342A91B72BDF30058E546 /* Release */,
			);
			defaultConfigurationIsVisible = 0;
			defaultConfigurationName = Release;
		};
		597342AA1B72BDF30058E546 /* Build configuration list for PBXNativeTarget "MyTodoListUITests" */ = {
			isa = XCConfigurationList;
			buildConfigurations = (
				597342AB1B72BDF30058E546 /* Debug */,
				597342AC1B72BDF30058E546 /* Release */,
			);
			defaultConfigurationIsVisible = 0;
			defaultConfigurationName = Release;
		};
/* End XCConfigurationList section */
	};
	rootObject = 597342741B72BDF30058E546 /* Project object */;
}
